
Microsoft Visual Studio Solution File, Format Version 12.00
# Visual Studio 15
VisualStudioVersion = 15.0.28010.2048
MinimumVisualStudioVersion = 10.0.40219.1
Project("{FAE04EC0-301F-11D3-BF4B-00C04F79EFBC}") = "PrimeiraQuestao", "PrimeiraQuestao\PrimeiraQuestao.csproj", "{5D2947B2-F05A-4918-A2F8-268C23EDB0F7}"
EndProject
Project("{FAE04EC0-301F-11D3-BF4B-00C04F79EFBC}") = "SegundaQuestao", "SegundaQuestao\SegundaQuestao.csproj", "{B91E8F7E-F61E-47DB-8AB5-92CE3DE60900}"
EndProject
Project("{FAE04EC0-301F-11D3-BF4B-00C04F79EFBC}") = "QuartaQuestao", "QuartaQuestao\QuartaQuestao.csproj", "{0749D913-F21B-4FF0-A7AC-D1018FF6334C}"
EndProject
Project("{FAE04EC0-301F-11D3-BF4B-00C04F79EFBC}") = "QuintaQuestao", "QuintaQuestao\QuintaQuestao.csproj", "{55594A62-B43B-4E24-8872-0959968B19A7}"
EndProject
Project("{FAE04EC0-301F-11D3-BF4B-00C04F79EFBC}") = "QuestaoBonus", "QuestaoBonus\QuestaoBonus.csproj", "{FC471EDE-3C9F-4624-99CE-7EFF9A5F0F17}"
EndProject
Global
	GlobalSection(SolutionConfigurationPlatforms) = preSolution
		Debug|Any CPU = Debug|Any CPU
		Release|Any CPU = Release|Any CPU
	EndGlobalSection
	GlobalSection(ProjectConfigurationPlatforms) = postSolution
		{5D2947B2-F05A-4918-A2F8-268C23EDB0F7}.Debug|Any CPU.ActiveCfg = Debug|Any CPU
		{5D2947B2-F05A-4918-A2F8-268C23EDB0F7}.Debug|Any CPU.Build.0 = Debug|Any CPU
		{5D2947B2-F05A-4918-A2F8-268C23EDB0F7}.Release|Any CPU.ActiveCfg = Release|Any CPU
		{5D2947B2-F05A-4918-A2F8-268C23EDB0F7}.Release|Any CPU.Build.0 = Release|Any CPU
		{B91E8F7E-F61E-47DB-8AB5-92CE3DE60900}.Debug|Any CPU.ActiveCfg = Debug|Any CPU
		{B91E8F7E-F61E-47DB-8AB5-92CE3DE60900}.Debug|Any CPU.Build.0 = Debug|Any CPU
		{B91E8F7E-F61E-47DB-8AB5-92CE3DE60900}.Release|Any CPU.ActiveCfg = Release|Any CPU
		{B91E8F7E-F61E-47DB-8AB5-92CE3DE60900}.Release|Any CPU.Build.0 = Release|Any CPU
		{0749D913-F21B-4FF0-A7AC-D1018FF6334C}.Debug|Any CPU.ActiveCfg = Debug|Any CPU
		{0749D913-F21B-4FF0-A7AC-D1018FF6334C}.Debug|Any CPU.Build.0 = Debug|Any CPU
		{0749D913-F21B-4FF0-A7AC-D1018FF6334C}.Release|Any CPU.ActiveCfg = Release|Any CPU
		{0749D913-F21B-4FF0-A7AC-D1018FF6334C}.Release|Any CPU.Build.0 = Release|Any CPU
		{55594A62-B43B-4E24-8872-0959968B19A7}.Debug|Any CPU.ActiveCfg = Debug|Any CPU
		{55594A62-B43B-4E24-8872-0959968B19A7}.Debug|Any CPU.Build.0 = Debug|Any CPU
		{55594A62-B43B-4E24-8872-0959968B19A7}.Release|Any CPU.ActiveCfg = Release|Any CPU
		{55594A62-B43B-4E24-8872-0959968B19A7}.Release|Any CPU.Build.0 = Release|Any CPU
		{FC471EDE-3C9F-4624-99CE-7EFF9A5F0F17}.Debug|Any CPU.ActiveCfg = Debug|Any CPU
		{FC471EDE-3C9F-4624-99CE-7EFF9A5F0F17}.Debug|Any CPU.Build.0 = Debug|Any CPU
		{FC471EDE-3C9F-4624-99CE-7EFF9A5F0F17}.Release|Any CPU.ActiveCfg = Release|Any CPU
		{FC471EDE-3C9F-4624-99CE-7EFF9A5F0F17}.Release|Any CPU.Build.0 = Release|Any CPU
	EndGlobalSection
	GlobalSection(SolutionProperties) = preSolution
		HideSolutionNode = FALSE
	EndGlobalSection
	GlobalSection(ExtensibilityGlobals) = postSolution
		SolutionGuid = {26481ADD-D498-44D7-8A81-A075A1AE7EFE}
	EndGlobalSection
EndGlobal
